// !$*UTF8*$!
{
	archiveVersion = 1;
	classes = {
	};
	objectVersion = 56;
	objects = {

/* Begin PBXBuildFile section */
		852DA254295265D2000DBB7A /* Animating_complex_shapesApp.swift in Sources */ = {isa = PBXBuildFile; fileRef = 852DA253295265D2000DBB7A /* Animating_complex_shapesApp.swift */; };
		852DA256295265D2000DBB7A /* ContentView.swift in Sources */ = {isa = PBXBuildFile; fileRef = 852DA255295265D2000DBB7A /* ContentView.swift */; };
		852DA258295265D4000DBB7A /* Assets.xcassets in Resources */ = {isa = PBXBuildFile; fileRef = 852DA257295265D4000DBB7A /* Assets.xcassets */; };
		852DA25C295265D4000DBB7A /* Preview Assets.xcassets in Resources */ = {isa = PBXBuildFile; fileRef = 852DA25B295265D4000DBB7A /* Preview Assets.xcassets */; };
		852DA266295265D4000DBB7A /* Animating_complex_shapesTests.swift in Sources */ = {isa = PBXBuildFile; fileRef = 852DA265295265D4000DBB7A /* Animating_complex_shapesTests.swift */; };
		852DA270295265D4000DBB7A /* Animating_complex_shapesUITests.swift in Sources */ = {isa = PBXBuildFile; fileRef = 852DA26F295265D4000DBB7A /* Animating_complex_shapesUITests.swift */; };
		852DA272295265D4000DBB7A /* Animating_complex_shapesUITestsLaunchTests.swift in Sources */ = {isa = PBXBuildFile; fileRef = 852DA271295265D4000DBB7A /* Animating_complex_shapesUITestsLaunchTests.swift */; };
/* End PBXBuildFile section */

/* Begin PBXContainerItemProxy section */
		852DA262295265D4000DBB7A /* PBXContainerItemProxy */ = {
			isa = PBXContainerItemProxy;
			containerPortal = 852DA248295265D2000DBB7A /* Project object */;
			proxyType = 1;
			remoteGlobalIDString = 852DA24F295265D2000DBB7A;
			remoteInfo = "Animating complex shapes";
		};
		852DA26C295265D4000DBB7A /* PBXContainerItemProxy */ = {
			isa = PBXContainerItemProxy;
			containerPortal = 852DA248295265D2000DBB7A /* Project object */;
			proxyType = 1;
			remoteGlobalIDString = 852DA24F295265D2000DBB7A;
			remoteInfo = "Animating complex shapes";
		};
/* End PBXContainerItemProxy section */

/* Begin PBXFileReference section */
		852DA250295265D2000DBB7A /* Animating complex shapes.app */ = {isa = PBXFileReference; explicitFileType = wrapper.application; includeInIndex = 0; path = "Animating complex shapes.app"; sourceTree = BUILT_PRODUCTS_DIR; };
		852DA253295265D2000DBB7A /* Animating_complex_shapesApp.swift */ = {isa = PBXFileReference; lastKnownFileType = sourcecode.swift; path = Animating_complex_shapesApp.swift; sourceTree = "<group>"; };
		852DA255295265D2000DBB7A /* ContentView.swift */ = {isa = PBXFileReference; lastKnownFileType = sourcecode.swift; path = ContentView.swift; sourceTree = "<group>"; };
		852DA257295265D4000DBB7A /* Assets.xcassets */ = {isa = PBXFileReference; lastKnownFileType = folder.assetcatalog; path = Assets.xcassets; sourceTree = "<group>"; };
		852DA259295265D4000DBB7A /* Animating_complex_shapes.entitlements */ = {isa = PBXFileReference; lastKnownFileType = text.plist.entitlements; path = Animating_complex_shapes.entitlements; sourceTree = "<group>"; };
		852DA25B295265D4000DBB7A /* Preview Assets.xcassets */ = {isa = PBXFileReference; lastKnownFileType = folder.assetcatalog; path = "Preview Assets.xcassets"; sourceTree = "<group>"; };
		852DA261295265D4000DBB7A /* Animating complex shapesTests.xctest */ = {isa = PBXFileReference; explicitFileType = wrapper.cfbundle; includeInIndex = 0; path = "Animating complex shapesTests.xctest"; sourceTree = BUILT_PRODUCTS_DIR; };
		852DA265295265D4000DBB7A /* Animating_complex_shapesTests.swift */ = {isa = PBXFileReference; lastKnownFileType = sourcecode.swift; path = Animating_complex_shapesTests.swift; sourceTree = "<group>"; };
		852DA26B295265D4000DBB7A /* Animating complex shapesUITests.xctest */ = {isa = PBXFileReference; explicitFileType = wrapper.cfbundle; includeInIndex = 0; path = "Animating complex shapesUITests.xctest"; sourceTree = BUILT_PRODUCTS_DIR; };
		852DA26F295265D4000DBB7A /* Animating_complex_shapesUITests.swift */ = {isa = PBXFileReference; lastKnownFileType = sourcecode.swift; path = Animating_complex_shapesUITests.swift; sourceTree = "<group>"; };
		852DA271295265D4000DBB7A /* Animating_complex_shapesUITestsLaunchTests.swift */ = {isa = PBXFileReference; lastKnownFileType = sourcecode.swift; path = Animating_complex_shapesUITestsLaunchTests.swift; sourceTree = "<group>"; };
/* End PBXFileReference section */

/* Begin PBXFrameworksBuildPhase section */
		852DA24D295265D2000DBB7A /* Frameworks */ = {
			isa = PBXFrameworksBuildPhase;
			buildActionMask = 2147483647;
			files = (
			);
			runOnlyForDeploymentPostprocessing = 0;
		};
		852DA25E295265D4000DBB7A /* Frameworks */ = {
			isa = PBXFrameworksBuildPhase;
			buildActionMask = 2147483647;
			files = (
			);
			runOnlyForDeploymentPostprocessing = 0;
		};
		852DA268295265D4000DBB7A /* Frameworks */ = {
			isa = PBXFrameworksBuildPhase;
			buildActionMask = 2147483647;
			files = (
			);
			runOnlyForDeploymentPostprocessing = 0;
		};
/* End PBXFrameworksBuildPhase section */

/* Begin PBXGroup section */
		852DA247295265D2000DBB7A = {
			isa = PBXGroup;
			children = (
				852DA252295265D2000DBB7A /* Animating complex shapes */,
				852DA264295265D4000DBB7A /* Animating complex shapesTests */,
				852DA26E295265D4000DBB7A /* Animating complex shapesUITests */,
				852DA251295265D2000DBB7A /* Products */,
			);
			sourceTree = "<group>";
		};
		852DA251295265D2000DBB7A /* Products */ = {
			isa = PBXGroup;
			children = (
				852DA250295265D2000DBB7A /* Animating complex shapes.app */,
				852DA261295265D4000DBB7A /* Animating complex shapesTests.xctest */,
				852DA26B295265D4000DBB7A /* Animating complex shapesUITests.xctest */,
			);
			name = Products;
			sourceTree = "<group>";
		};
		852DA252295265D2000DBB7A /* Animating complex shapes */ = {
			isa = PBXGroup;
			children = (
				852DA253295265D2000DBB7A /* Animating_complex_shapesApp.swift */,
				852DA255295265D2000DBB7A /* ContentView.swift */,
				852DA257295265D4000DBB7A /* Assets.xcassets */,
				852DA259295265D4000DBB7A /* Animating_complex_shapes.entitlements */,
				852DA25A295265D4000DBB7A /* Preview Content */,
			);
			path = "Animating complex shapes";
			sourceTree = "<group>";
		};
		852DA25A295265D4000DBB7A /* Preview Content */ = {
			isa = PBXGroup;
			children = (
				852DA25B295265D4000DBB7A /* Preview Assets.xcassets */,
			);
			path = "Preview Content";
			sourceTree = "<group>";
		};
		852DA264295265D4000DBB7A /* Animating complex shapesTests */ = {
			isa = PBXGroup;
			children = (
				852DA265295265D4000DBB7A /* Animating_complex_shapesTests.swift */,
			);
			path = "Animating complex shapesTests";
			sourceTree = "<group>";
		};
		852DA26E295265D4000DBB7A /* Animating complex shapesUITests */ = {
			isa = PBXGroup;
			children = (
				852DA26F295265D4000DBB7A /* Animating_complex_shapesUITests.swift */,
				852DA271295265D4000DBB7A /* Animating_complex_shapesUITestsLaunchTests.swift */,
			);
			path = "Animating complex shapesUITests";
			sourceTree = "<group>";
		};
/* End PBXGroup section */

/* Begin PBXNativeTarget section */
		852DA24F295265D2000DBB7A /* Animating complex shapes */ = {
			isa = PBXNativeTarget;
			buildConfigurationList = 852DA275295265D4000DBB7A /* Build configuration list for PBXNativeTarget "Animating complex shapes" */;
			buildPhases = (
				852DA24C295265D2000DBB7A /* Sources */,
				852DA24D295265D2000DBB7A /* Frameworks */,
				852DA24E295265D2000DBB7A /* Resources */,
			);
			buildRules = (
			);
			dependencies = (
			);
			name = "Animating complex shapes";
			productName = "Animating complex shapes";
			productReference = 852DA250295265D2000DBB7A /* Animating complex shapes.app */;
			productType = "com.apple.product-type.application";
		};
		852DA260295265D4000DBB7A /* Animating complex shapesTests */ = {
			isa = PBXNativeTarget;
			buildConfigurationList = 852DA278295265D4000DBB7A /* Build configuration list for PBXNativeTarget "Animating complex shapesTests" */;
			buildPhases = (
				852DA25D295265D4000DBB7A /* Sources */,
				852DA25E295265D4000DBB7A /* Frameworks */,
				852DA25F295265D4000DBB7A /* Resources */,
			);
			buildRules = (
			);
			dependencies = (
				852DA263295265D4000DBB7A /* PBXTargetDependency */,
			);
			name = "Animating complex shapesTests";
			productName = "Animating complex shapesTests";
			productReference = 852DA261295265D4000DBB7A /* Animating complex shapesTests.xctest */;
			productType = "com.apple.product-type.bundle.unit-test";
		};
		852DA26A295265D4000DBB7A /* Animating complex shapesUITests */ = {
			isa = PBXNativeTarget;
			buildConfigurationList = 852DA27B295265D4000DBB7A /* Build configuration list for PBXNativeTarget "Animating complex shapesUITests" */;
			buildPhases = (
				852DA267295265D4000DBB7A /* Sources */,
				852DA268295265D4000DBB7A /* Frameworks */,
				852DA269295265D4000DBB7A /* Resources */,
			);
			buildRules = (
			);
			dependencies = (
				852DA26D295265D4000DBB7A /* PBXTargetDependency */,
			);
			name = "Animating complex shapesUITests";
			productName = "Animating complex shapesUITests";
			productReference = 852DA26B295265D4000DBB7A /* Animating complex shapesUITests.xctest */;
			productType = "com.apple.product-type.bundle.ui-testing";
		};
/* End PBXNativeTarget section */

/* Begin PBXProject section */
		852DA248295265D2000DBB7A /* Project object */ = {
			isa = PBXProject;
			attributes = {
				BuildIndependentTargetsInParallel = 1;
				LastSwiftUpdateCheck = 1420;
				LastUpgradeCheck = 1420;
				TargetAttributes = {
					852DA24F295265D2000DBB7A = {
						CreatedOnToolsVersion = 14.2;
					};
					852DA260295265D4000DBB7A = {
						CreatedOnToolsVersion = 14.2;
						TestTargetID = 852DA24F295265D2000DBB7A;
					};
					852DA26A295265D4000DBB7A = {
						CreatedOnToolsVersion = 14.2;
						TestTargetID = 852DA24F295265D2000DBB7A;
					};
				};
			};
			buildConfigurationList = 852DA24B295265D2000DBB7A /* Build configuration list for PBXProject "Animating complex shapes" */;
			compatibilityVersion = "Xcode 14.0";
			developmentRegion = en;
			hasScannedForEncodings = 0;
			knownRegions = (
				en,
				Base,
			);
			mainGroup = 852DA247295265D2000DBB7A;
			productRefGroup = 852DA251295265D2000DBB7A /* Products */;
			projectDirPath = "";
			projectRoot = "";
			targets = (
				852DA24F295265D2000DBB7A /* Animating complex shapes */,
				852DA260295265D4000DBB7A /* Animating complex shapesTests */,
				852DA26A295265D4000DBB7A /* Animating complex shapesUITests */,
			);
		};
/* End PBXProject section */

/* Begin PBXResourcesBuildPhase section */
		852DA24E295265D2000DBB7A /* Resources */ = {
			isa = PBXResourcesBuildPhase;
			buildActionMask = 2147483647;
			files = (
				852DA25C295265D4000DBB7A /* Preview Assets.xcassets in Resources */,
				852DA258295265D4000DBB7A /* Assets.xcassets in Resources */,
			);
			runOnlyForDeploymentPostprocessing = 0;
		};
		852DA25F295265D4000DBB7A /* Resources */ = {
			isa = PBXResourcesBuildPhase;
			buildActionMask = 2147483647;
			files = (
			);
			runOnlyForDeploymentPostprocessing = 0;
		};
		852DA269295265D4000DBB7A /* Resources */ = {
			isa = PBXResourcesBuildPhase;
			buildActionMask = 2147483647;
			files = (
			);
			runOnlyForDeploymentPostprocessing = 0;
		};
/* End PBXResourcesBuildPhase section */

/* Begin PBXSourcesBuildPhase section */
		852DA24C295265D2000DBB7A /* Sources */ = {
			isa = PBXSourcesBuildPhase;
			buildActionMask = 2147483647;
			files = (
				852DA256295265D2000DBB7A /* ContentView.swift in Sources */,
				852DA254295265D2000DBB7A /* Animating_complex_shapesApp.swift in Sources */,
			);
			runOnlyForDeploymentPostprocessing = 0;
		};
		852DA25D295265D4000DBB7A /* Sources */ = {
			isa = PBXSourcesBuildPhase;
			buildActionMask = 2147483647;
			files = (
				852DA266295265D4000DBB7A /* Animating_complex_shapesTests.swift in Sources */,
			);
			runOnlyForDeploymentPostprocessing = 0;
		};
		852DA267295265D4000DBB7A /* Sources */ = {
			isa = PBXSourcesBuildPhase;
			buildActionMask = 2147483647;
			files = (
				852DA272295265D4000DBB7A /* Animating_complex_shapesUITestsLaunchTests.swift in Sources */,
				852DA270295265D4000DBB7A /* Animating_complex_shapesUITests.swift in Sources */,
			);
			runOnlyForDeploymentPostprocessing = 0;
		};
/* End PBXSourcesBuildPhase section */

/* Begin PBXTargetDependency section */
		852DA263295265D4000DBB7A /* PBXTargetDependency */ = {
			isa = PBXTargetDependency;
			target = 852DA24F295265D2000DBB7A /* Animating complex shapes */;
			targetProxy = 852DA262295265D4000DBB7A /* PBXContainerItemProxy */;
		};
		852DA26D295265D4000DBB7A /* PBXTargetDependency */ = {
			isa = PBXTargetDependency;
			target = 852DA24F295265D2000DBB7A /* Animating complex shapes */;
			targetProxy = 852DA26C295265D4000DBB7A /* PBXContainerItemProxy */;
		};
/* End PBXTargetDependency section */

/* Begin XCBuildConfiguration section */
		852DA273295265D4000DBB7A /* Debug */ = {
			isa = XCBuildConfiguration;
			buildSettings = {
				ALWAYS_SEARCH_USER_PATHS = NO;
				CLANG_ANALYZER_NONNULL = YES;
				CLANG_ANALYZER_NUMBER_OBJECT_CONVERSION = YES_AGGRESSIVE;
				CLANG_CXX_LANGUAGE_STANDARD = "gnu++20";
				CLANG_ENABLE_MODULES = YES;
				CLANG_ENABLE_OBJC_ARC = YES;
				CLANG_ENABLE_OBJC_WEAK = YES;
				CLANG_WARN_BLOCK_CAPTURE_AUTORELEASING = YES;
				CLANG_WARN_BOOL_CONVERSION = YES;
				CLANG_WARN_COMMA = YES;
				CLANG_WARN_CONSTANT_CONVERSION = YES;
				CLANG_WARN_DEPRECATED_OBJC_IMPLEMENTATIONS = YES;
				CLANG_WARN_DIRECT_OBJC_ISA_USAGE = YES_ERROR;
				CLANG_WARN_DOCUMENTATION_COMMENTS = YES;
				CLANG_WARN_EMPTY_BODY = YES;
				CLANG_WARN_ENUM_CONVERSION = YES;
				CLANG_WARN_INFINITE_RECURSION = YES;
				CLANG_WARN_INT_CONVERSION = YES;
				CLANG_WARN_NON_LITERAL_NULL_CONVERSION = YES;
				CLANG_WARN_OBJC_IMPLICIT_RETAIN_SELF = YES;
				CLANG_WARN_OBJC_LITERAL_CONVERSION = YES;
				CLANG_WARN_OBJC_ROOT_CLASS = YES_ERROR;
				CLANG_WARN_QUOTED_INCLUDE_IN_FRAMEWORK_HEADER = YES;
				CLANG_WARN_RANGE_LOOP_ANALYSIS = YES;
				CLANG_WARN_STRICT_PROTOTYPES = YES;
				CLANG_WARN_SUSPICIOUS_MOVE = YES;
				CLANG_WARN_UNGUARDED_AVAILABILITY = YES_AGGRESSIVE;
				CLANG_WARN_UNREACHABLE_CODE = YES;
				CLANG_WARN__DUPLICATE_METHOD_MATCH = YES;
				COPY_PHASE_STRIP = NO;
				DEBUG_INFORMATION_FORMAT = dwarf;
				ENABLE_STRICT_OBJC_MSGSEND = YES;
				ENABLE_TESTABILITY = YES;
				GCC_C_LANGUAGE_STANDARD = gnu11;
				GCC_DYNAMIC_NO_PIC = NO;
				GCC_NO_COMMON_BLOCKS = YES;
				GCC_OPTIMIZATION_LEVEL = 0;
				GCC_PREPROCESSOR_DEFINITIONS = (
					"DEBUG=1",
					"$(inherited)",
				);
				GCC_WARN_64_TO_32_BIT_CONVERSION = YES;
				GCC_WARN_ABOUT_RETURN_TYPE = YES_ERROR;
				GCC_WARN_UNDECLARED_SELECTOR = YES;
				GCC_WARN_UNINITIALIZED_AUTOS = YES_AGGRESSIVE;
				GCC_WARN_UNUSED_FUNCTION = YES;
				GCC_WARN_UNUSED_VARIABLE = YES;
				MTL_ENABLE_DEBUG_INFO = INCLUDE_SOURCE;
				MTL_FAST_MATH = YES;
				ONLY_ACTIVE_ARCH = YES;
				SWIFT_ACTIVE_COMPILATION_CONDITIONS = DEBUG;
				SWIFT_OPTIMIZATION_LEVEL = "-Onone";
			};
			name = Debug;
		};
		852DA274295265D4000DBB7A /* Release */ = {
			isa = XCBuildConfiguration;
			buildSettings = {
				ALWAYS_SEARCH_USER_PATHS = NO;
				CLANG_ANALYZER_NONNULL = YES;
				CLANG_ANALYZER_NUMBER_OBJECT_CONVERSION = YES_AGGRESSIVE;
				CLANG_CXX_LANGUAGE_STANDARD = "gnu++20";
				CLANG_ENABLE_MODULES = YES;
				CLANG_ENABLE_OBJC_ARC = YES;
				CLANG_ENABLE_OBJC_WEAK = YES;
				CLANG_WARN_BLOCK_CAPTURE_AUTORELEASING = YES;
				CLANG_WARN_BOOL_CONVERSION = YES;
				CLANG_WARN_COMMA = YES;
				CLANG_WARN_CONSTANT_CONVERSION = YES;
				CLANG_WARN_DEPRECATED_OBJC_IMPLEMENTATIONS = YES;
				CLANG_WARN_DIRECT_OBJC_ISA_USAGE = YES_ERROR;
				CLANG_WARN_DOCUMENTATION_COMMENTS = YES;
				CLANG_WARN_EMPTY_BODY = YES;
				CLANG_WARN_ENUM_CONVERSION = YES;
				CLANG_WARN_INFINITE_RECURSION = YES;
				CLANG_WARN_INT_CONVERSION = YES;
				CLANG_WARN_NON_LITERAL_NULL_CONVERSION = YES;
				CLANG_WARN_OBJC_IMPLICIT_RETAIN_SELF = YES;
				CLANG_WARN_OBJC_LITERAL_CONVERSION = YES;
				CLANG_WARN_OBJC_ROOT_CLASS = YES_ERROR;
				CLANG_WARN_QUOTED_INCLUDE_IN_FRAMEWORK_HEADER = YES;
				CLANG_WARN_RANGE_LOOP_ANALYSIS = YES;
				CLANG_WARN_STRICT_PROTOTYPES = YES;
				CLANG_WARN_SUSPICIOUS_MOVE = YES;
				CLANG_WARN_UNGUARDED_AVAILABILITY = YES_AGGRESSIVE;
				CLANG_WARN_UNREACHABLE_CODE = YES;
				CLANG_WARN__DUPLICATE_METHOD_MATCH = YES;
				COPY_PHASE_STRIP = NO;
				DEBUG_INFORMATION_FORMAT = "dwarf-with-dsym";
				ENABLE_NS_ASSERTIONS = NO;
				ENABLE_STRICT_OBJC_MSGSEND = YES;
				GCC_C_LANGUAGE_STANDARD = gnu11;
				GCC_NO_COMMON_BLOCKS = YES;
				GCC_WARN_64_TO_32_BIT_CONVERSION = YES;
				GCC_WARN_ABOUT_RETURN_TYPE = YES_ERROR;
				GCC_WARN_UNDECLARED_SELECTOR = YES;
				GCC_WARN_UNINITIALIZED_AUTOS = YES_AGGRESSIVE;
				GCC_WARN_UNUSED_FUNCTION = YES;
				GCC_WARN_UNUSED_VARIABLE = YES;
				MTL_ENABLE_DEBUG_INFO = NO;
				MTL_FAST_MATH = YES;
				SWIFT_COMPILATION_MODE = wholemodule;
				SWIFT_OPTIMIZATION_LEVEL = "-O";
			};
			name = Release;
		};
		852DA276295265D4000DBB7A /* Debug */ = {
			isa = XCBuildConfiguration;
			buildSettings = {
				ASSETCATALOG_COMPILER_APPICON_NAME = AppIcon;
				ASSETCATALOG_COMPILER_GLOBAL_ACCENT_COLOR_NAME = AccentColor;
				CODE_SIGN_ENTITLEMENTS = "Animating complex shapes/Animating_complex_shapes.entitlements";
				CODE_SIGN_STYLE = Automatic;
				CURRENT_PROJECT_VERSION = 1;
				DEVELOPMENT_ASSET_PATHS = "\"Animating complex shapes/Preview Content\"";
				ENABLE_PREVIEWS = YES;
				GENERATE_INFOPLIST_FILE = YES;
				"INFOPLIST_KEY_UIApplicationSceneManifest_Generation[sdk=iphoneos*]" = YES;
				"INFOPLIST_KEY_UIApplicationSceneManifest_Generation[sdk=iphonesimulator*]" = YES;
				"INFOPLIST_KEY_UIApplicationSupportsIndirectInputEvents[sdk=iphoneos*]" = YES;
				"INFOPLIST_KEY_UIApplicationSupportsIndirectInputEvents[sdk=iphonesimulator*]" = YES;
				"INFOPLIST_KEY_UILaunchScreen_Generation[sdk=iphoneos*]" = YES;
				"INFOPLIST_KEY_UILaunchScreen_Generation[sdk=iphonesimulator*]" = YES;
				"INFOPLIST_KEY_UIStatusBarStyle[sdk=iphoneos*]" = UIStatusBarStyleDefault;
				"INFOPLIST_KEY_UIStatusBarStyle[sdk=iphonesimulator*]" = UIStatusBarStyleDefault;
				INFOPLIST_KEY_UISupportedInterfaceOrientations_iPad = "UIInterfaceOrientationPortrait UIInterfaceOrientationPortraitUpsideDown UIInterfaceOrientationLandscapeLeft UIInterfaceOrientationLandscapeRight";
				INFOPLIST_KEY_UISupportedInterfaceOrientations_iPhone = "UIInterfaceOrientationPortrait UIInterfaceOrientationLandscapeLeft UIInterfaceOrientationLandscapeRight";
				IPHONEOS_DEPLOYMENT_TARGET = 16.2;
				LD_RUNPATH_SEARCH_PATHS = "@executable_path/Frameworks";
				"LD_RUNPATH_SEARCH_PATHS[sdk=macosx*]" = "@executable_path/../Frameworks";
				MACOSX_DEPLOYMENT_TARGET = 13.1;
				MARKETING_VERSION = 1.0;
				PRODUCT_BUNDLE_IDENTIFIER = "orlandomoraesmartins.Animating-complex-shapes";
				PRODUCT_NAME = "$(TARGET_NAME)";
				SDKROOT = auto;
				SUPPORTED_PLATFORMS = "iphoneos iphonesimulator macosx";
				SWIFT_EMIT_LOC_STRINGS = YES;
				SWIFT_VERSION = 5.0;
				TARGETED_DEVICE_FAMILY = "1,2";
			};
			name = Debug;
		};
		852DA277295265D4000DBB7A /* Release */ = {
			isa = XCBuildConfiguration;
			buildSettings = {
				ASSETCATALOG_COMPILER_APPICON_NAME = AppIcon;
				ASSETCATALOG_COMPILER_GLOBAL_ACCENT_COLOR_NAME = AccentColor;
				CODE_SIGN_ENTITLEMENTS = "Animating complex shapes/Animating_complex_shapes.entitlements";
				CODE_SIGN_STYLE = Automatic;
				CURRENT_PROJECT_VERSION = 1;
				DEVELOPMENT_ASSET_PATHS = "\"Animating complex shapes/Preview Content\"";
				ENABLE_PREVIEWS = YES;
				GENERATE_INFOPLIST_FILE = YES;
				"INFOPLIST_KEY_UIApplicationSceneManifest_Generation[sdk=iphoneos*]" = YES;
				"INFOPLIST_KEY_UIApplicationSceneManifest_Generation[sdk=iphonesimulator*]" = YES;
				"INFOPLIST_KEY_UIApplicationSupportsIndirectInputEvents[sdk=iphoneos*]" = YES;
				"INFOPLIST_KEY_UIApplicationSupportsIndirectInputEvents[sdk=iphonesimulator*]" = YES;
				"INFOPLIST_KEY_UILaunchScreen_Generation[sdk=iphoneos*]" = YES;
				"INFOPLIST_KEY_UILaunchScreen_Generation[sdk=iphonesimulator*]" = YES;
				"INFOPLIST_KEY_UIStatusBarStyle[sdk=iphoneos*]" = UIStatusBarStyleDefault;
				"INFOPLIST_KEY_UIStatusBarStyle[sdk=iphonesimulator*]" = UIStatusBarStyleDefault;
				INFOPLIST_KEY_UISupportedInterfaceOrientations_iPad = "UIInterfaceOrientationPortrait UIInterfaceOrientationPortraitUpsideDown UIInterfaceOrientationLandscapeLeft UIInterfaceOrientationLandscapeRight";
				INFOPLIST_KEY_UISupportedInterfaceOrientations_iPhone = "UIInterfaceOrientationPortrait UIInterfaceOrientationLandscapeLeft UIInterfaceOrientationLandscapeRight";
				IPHONEOS_DEPLOYMENT_TARGET = 16.2;
				LD_RUNPATH_SEARCH_PATHS = "@executable_path/Frameworks";
				"LD_RUNPATH_SEARCH_PATHS[sdk=macosx*]" = "@executable_path/../Frameworks";
				MACOSX_DEPLOYMENT_TARGET = 13.1;
				MARKETING_VERSION = 1.0;
				PRODUCT_BUNDLE_IDENTIFIER = "orlandomoraesmartins.Animating-complex-shapes";
				PRODUCT_NAME = "$(TARGET_NAME)";
				SDKROOT = auto;
				SUPPORTED_PLATFORMS = "iphoneos iphonesimulator macosx";
				SWIFT_EMIT_LOC_STRINGS = YES;
				SWIFT_VERSION = 5.0;
				TARGETED_DEVICE_FAMILY = "1,2";
			};
			name = Release;
		};
		852DA279295265D4000DBB7A /* Debug */ = {
			isa = XCBuildConfiguration;
			buildSettings = {
				ALWAYS_EMBED_SWIFT_STANDARD_LIBRARIES = YES;
				BUNDLE_LOADER = "$(TEST_HOST)";
				CODE_SIGN_STYLE = Automatic;
				CURRENT_PROJECT_VERSION = 1;
				GENERATE_INFOPLIST_FILE = YES;
				IPHONEOS_DEPLOYMENT_TARGET = 16.2;
				MACOSX_DEPLOYMENT_TARGET = 13.1;
				MARKETING_VERSION = 1.0;
				PRODUCT_BUNDLE_IDENTIFIER = "orlandomoraesmartins.Animating-complex-shapesTests";
				PRODUCT_NAME = "$(TARGET_NAME)";
				SDKROOT = auto;
				SUPPORTED_PLATFORMS = "iphoneos iphonesimulator macosx";
				SWIFT_EMIT_LOC_STRINGS = NO;
				SWIFT_VERSION = 5.0;
				TARGETED_DEVICE_FAMILY = "1,2";
				TEST_HOST = "$(BUILT_PRODUCTS_DIR)/Animating complex shapes.app/$(BUNDLE_EXECUTABLE_FOLDER_PATH)/Animating complex shapes";
			};
			name = Debug;
		};
		852DA27A295265D4000DBB7A /* Release */ = {
			isa = XCBuildConfiguration;
			buildSettings = {
				ALWAYS_EMBED_SWIFT_STANDARD_LIBRARIES = YES;
				BUNDLE_LOADER = "$(TEST_HOST)";
				CODE_SIGN_STYLE = Automatic;
				CURRENT_PROJECT_VERSION = 1;
				GENERATE_INFOPLIST_FILE = YES;
				IPHONEOS_DEPLOYMENT_TARGET = 16.2;
				MACOSX_DEPLOYMENT_TARGET = 13.1;
				MARKETING_VERSION = 1.0;
				PRODUCT_BUNDLE_IDENTIFIER = "orlandomoraesmartins.Animating-complex-shapesTests";
				PRODUCT_NAME = "$(TARGET_NAME)";
				SDKROOT = auto;
				SUPPORTED_PLATFORMS = "iphoneos iphonesimulator macosx";
				SWIFT_EMIT_LOC_STRINGS = NO;
				SWIFT_VERSION = 5.0;
				TARGETED_DEVICE_FAMILY = "1,2";
				TEST_HOST = "$(BUILT_PRODUCTS_DIR)/Animating complex shapes.app/$(BUNDLE_EXECUTABLE_FOLDER_PATH)/Animating complex shapes";
			};
			name = Release;
		};
		852DA27C295265D4000DBB7A /* Debug */ = {
			isa = XCBuildConfiguration;
			buildSettings = {
				ALWAYS_EMBED_SWIFT_STANDARD_LIBRARIES = YES;
				CODE_SIGN_STYLE = Automatic;
				CURRENT_PROJECT_VERSION = 1;
				GENERATE_INFOPLIST_FILE = YES;
				IPHONEOS_DEPLOYMENT_TARGET = 16.2;
				MACOSX_DEPLOYMENT_TARGET = 13.1;
				MARKETING_VERSION = 1.0;
				PRODUCT_BUNDLE_IDENTIFIER = "orlandomoraesmartins.Animating-complex-shapesUITests";
				PRODUCT_NAME = "$(TARGET_NAME)";
				SDKROOT = auto;
				SUPPORTED_PLATFORMS = "iphoneos iphonesimulator macosx";
				SWIFT_EMIT_LOC_STRINGS = NO;
				SWIFT_VERSION = 5.0;
				TARGETED_DEVICE_FAMILY = "1,2";
				TEST_TARGET_NAME = "Animating complex shapes";
			};
			name = Debug;
		};
		852DA27D295265D4000DBB7A /* Release */ = {
			isa = XCBuildConfiguration;
			buildSettings = {
				ALWAYS_EMBED_SWIFT_STANDARD_LIBRARIES = YES;
				CODE_SIGN_STYLE = Automatic;
				CURRENT_PROJECT_VERSION = 1;
				GENERATE_INFOPLIST_FILE = YES;
				IPHONEOS_DEPLOYMENT_TARGET = 16.2;
				MACOSX_DEPLOYMENT_TARGET = 13.1;
				MARKETING_VERSION = 1.0;
				PRODUCT_BUNDLE_IDENTIFIER = "orlandomoraesmartins.Animating-complex-shapesUITests";
				PRODUCT_NAME = "$(TARGET_NAME)";
				SDKROOT = auto;
				SUPPORTED_PLATFORMS = "iphoneos iphonesimulator macosx";
				SWIFT_EMIT_LOC_STRINGS = NO;
				SWIFT_VERSION = 5.0;
				TARGETED_DEVICE_FAMILY = "1,2";
				TEST_TARGET_NAME = "Animating complex shapes";
			};
			name = Release;
		};
/* End XCBuildConfiguration section */

/* Begin XCConfigurationList section */
		852DA24B295265D2000DBB7A /* Build configuration list for PBXProject "Animating complex shapes" */ = {
			isa = XCConfigurationList;
			buildConfigurations = (
				852DA273295265D4000DBB7A /* Debug */,
				852DA274295265D4000DBB7A /* Release */,
			);
			defaultConfigurationIsVisible = 0;
			defaultConfigurationName = Release;
		};
		852DA275295265D4000DBB7A /* Build configuration list for PBXNativeTarget "Animating complex shapes" */ = {
			isa = XCConfigurationList;
			buildConfigurations = (
				852DA276295265D4000DBB7A /* Debug */,
				852DA277295265D4000DBB7A /* Release */,
			);
			defaultConfigurationIsVisible = 0;
			defaultConfigurationName = Release;
		};
		852DA278295265D4000DBB7A /* Build configuration list for PBXNativeTarget "Animating complex shapesTests" */ = {
			isa = XCConfigurationList;
			buildConfigurations = (
				852DA279295265D4000DBB7A /* Debug */,
				852DA27A295265D4000DBB7A /* Release */,
			);
			defaultConfigurationIsVisible = 0;
			defaultConfigurationName = Release;
		};
		852DA27B295265D4000DBB7A /* Build configuration list for PBXNativeTarget "Animating complex shapesUITests" */ = {
			isa = XCConfigurationList;
			buildConfigurations = (
				852DA27C295265D4000DBB7A /* Debug */,
				852DA27D295265D4000DBB7A /* Release */,
			);
			defaultConfigurationIsVisible = 0;
			defaultConfigurationName = Release;
		};
/* End XCConfigurationList section */
	};
	rootObject = 852DA248295265D2000DBB7A /* Project object */;
}
